
Microsoft Visual Studio Solution File, Format Version 12.00
# Visual Studio Version 16
VisualStudioVersion = 16.0.30309.148
MinimumVisualStudioVersion = 10.0.40219.1
Project("{FAE04EC0-301F-11D3-BF4B-00C04F79EFBC}") = "FinancialPortal", "FinancialPortal\FinancialPortal.csproj", "{84C58A11-1F7C-4C46-8FD8-00C588D1F98E}"
EndProject
Global
	GlobalSection(SolutionConfigurationPlatforms) = preSolution
		Debug|Any CPU = Debug|Any CPU
		Release|Any CPU = Release|Any CPU
	EndGlobalSection
	GlobalSection(ProjectConfigurationPlatforms) = postSolution
		{84C58A11-1F7C-4C46-8FD8-00C588D1F98E}.Debug|Any CPU.ActiveCfg = Debug|Any CPU
		{84C58A11-1F7C-4C46-8FD8-00C588D1F98E}.Debug|Any CPU.Build.0 = Debug|Any CPU
		{84C58A11-1F7C-4C46-8FD8-00C588D1F98E}.Release|Any CPU.ActiveCfg = Release|Any CPU
		{84C58A11-1F7C-4C46-8FD8-00C588D1F98E}.Release|Any CPU.Build.0 = Release|Any CPU
	EndGlobalSection
	GlobalSection(SolutionProperties) = preSolution
		HideSolutionNode = FALSE
	EndGlobalSection
	GlobalSection(ExtensibilityGlobals) = postSolution
		SolutionGuid = {07F7BE39-2B7C-4D62-A7C1-ABAB27290121}
	EndGlobalSection
EndGlobal
